<?xml version="1.0" encoding="utf-8"?>
<Project ToolsVersion="4.0" xmlns="http://schemas.microsoft.com/developer/msbuild/2003">
  <ItemGroup>
    <Filter Include="Исходные файлы">
      <UniqueIdentifier>{4FC737F1-C7A5-4376-A066-2A32D752A2FF}</UniqueIdentifier>
      <Extensions>cpp;c;cc;cxx;def;odl;idl;hpj;bat;asm;asmx</Extensions>
    </Filter>
    <Filter Include="Файлы заголовков">
      <UniqueIdentifier>{93995380-89BD-4b04-88EB-625FBE52EBFB}</UniqueIdentifier>
      <Extensions>h;hh;hpp;hxx;hm;inl;inc;ipp;xsd</Extensions>
    </Filter>
    <Filter Include="Файлы ресурсов">
      <UniqueIdentifier>{67DA6AB6-F800-4c08-8B7A-83BB121AAD01}</UniqueIdentifier>
      <Extensions>rc;ico;cur;bmp;dlg;rc2;rct;bin;rgs;gif;jpg;jpeg;jpe;resx;tiff;tif;png;wav;mfcribbon-ms</Extensions>
    </Filter>
    <Filter Include="Исходные файлы\rwtools">
      <UniqueIdentifier>{da681eca-ad34-4e8e-a692-8f008a286b06}</UniqueIdentifier>
    </Filter>
  </ItemGroup>
  <ItemGroup>
    <ClCompile Include="main.cpp">
      <Filter>Исходные файлы</Filter>
    </ClCompile>
    <ClCompile Include="shader.cpp">
      <Filter>Исходные файлы</Filter>
    </ClCompile>
    <ClCompile Include="rwtools-master\dffconv.cpp">
      <Filter>Исходные файлы\rwtools</Filter>
    </ClCompile>
    <ClCompile Include="rwtools-master\dffread.cpp">
      <Filter>Исходные файлы\rwtools</Filter>
    </ClCompile>
    <ClCompile Include="rwtools-master\dffwrite.cpp">
      <Filter>Исходные файлы\rwtools</Filter>
    </ClCompile>
    <ClCompile Include="rwtools-master\dumprwtree.cpp">
      <Filter>Исходные файлы\rwtools</Filter>
    </ClCompile>
    <ClCompile Include="rwtools-master\oglnative.cpp">
      <Filter>Исходные файлы\rwtools</Filter>
    </ClCompile>
    <ClCompile Include="rwtools-master\ps2native.cpp">
      <Filter>Исходные файлы\rwtools</Filter>
    </ClCompile>
    <ClCompile Include="rwtools-master\renderware.cpp">
      <Filter>Исходные файлы\rwtools</Filter>
    </ClCompile>
    <ClCompile Include="rwtools-master\txdconv.cpp">
      <Filter>Исходные файлы\rwtools</Filter>
    </ClCompile>
    <ClCompile Include="rwtools-master\txdex.cpp">
      <Filter>Исходные файлы\rwtools</Filter>
    </ClCompile>
    <ClCompile Include="rwtools-master\txdread.cpp">
      <Filter>Исходные файлы\rwtools</Filter>
    </ClCompile>
    <ClCompile Include="rwtools-master\txdwrite.cpp">
      <Filter>Исходные файлы\rwtools</Filter>
    </ClCompile>
    <ClCompile Include="rwtools-master\uvanim.cpp">
      <Filter>Исходные файлы\rwtools</Filter>
    </ClCompile>
    <ClCompile Include="rwtools-master\xboxnative.cpp">
      <Filter>Исходные файлы\rwtools</Filter>
    </ClCompile>
    <ClCompile Include="IMGarchive.cpp">
      <Filter>Исходные файлы</Filter>
    </ClCompile>
  </ItemGroup>
  <ItemGroup>
    <ClInclude Include="shader.h">
      <Filter>Исходные файлы</Filter>
    </ClInclude>
    <ClInclude Include="rwtools-master\args.h">
      <Filter>Исходные файлы\rwtools</Filter>
    </ClInclude>
    <ClInclude Include="rwtools-master\renderware.h">
      <Filter>Исходные файлы\rwtools</Filter>
    </ClInclude>
    <ClInclude Include="IMGArchive.h">
      <Filter>Исходные файлы</Filter>
    </ClInclude>
  </ItemGroup>
</Project>